[root]
name = "petgraph-examples"
version = "0.1.0"
dependencies = [
 "petgraph 0.4.4",
]

[[package]]
name = "fixedbitset"
version = "0.1.5"
source = "registry+https://github.com/rust-lang/crates.io-index"

[[package]]
name = "ordermap"
version = "0.2.9"
source = "registry+https://github.com/rust-lang/crates.io-index"

[[package]]
name = "petgraph"
version = "0.4.4"
dependencies = [
 "fixedbitset 0.1.5 (registry+https://github.com/rust-lang/crates.io-index)",
 "ordermap 0.2.9 (registry+https://github.com/rust-lang/crates.io-index)",
]

[metadata]
"checksum fixedbitset 0.1.5 (registry+https://github.com/rust-lang/crates.io-index)" = "88c3c33fc4c00db33f5174eb98aea809c4c007db0b71351d810a7e094ea3b64d"
"checksum ordermap 0.2.9 (registry+https://github.com/rust-lang/crates.io-index)" = "06e5d34d852e6396cf5fceaa24313f753d960a3b7e3abdadcdf43730e791aa3d"
